
Microsoft Visual Studio Solution File, Format Version 12.00
Project("{FAE04EC0-301F-11D3-BF4B-00C04F79EFBC}") = "GameOfLife.Data", "GameOfLife.Data\GameOfLife.Data.csproj", "{F392A0A9-AF08-4E86-8365-E4270B4FEF32}"
EndProject
Project("{FAE04EC0-301F-11D3-BF4B-00C04F79EFBC}") = "GameOfLife.Cli", "GameOfLife.Cli\GameOfLife.Cli.csproj", "{73E42999-B9F8-4F56-AC54-A6C7ECACB10B}"
EndProject
Project("{FAE04EC0-301F-11D3-BF4B-00C04F79EFBC}") = "GameOfLife.Common", "GameOfLife.Common\GameOfLife.Common.csproj", "{45229BAD-4C02-4E95-93FB-008CBF01017A}"
EndProject
Project("{FAE04EC0-301F-11D3-BF4B-00C04F79EFBC}") = "GameOfLife.Data.Tests", "GameOfLife.Data.Tests\GameOfLife.Data.Tests.csproj", "{DF4A63B9-EFC7-46F8-BBA7-85A106EC9265}"
EndProject
Global
	GlobalSection(SolutionConfigurationPlatforms) = preSolution
		Debug|Any CPU = Debug|Any CPU
		Release|Any CPU = Release|Any CPU
	EndGlobalSection
	GlobalSection(ProjectConfigurationPlatforms) = postSolution
		{F392A0A9-AF08-4E86-8365-E4270B4FEF32}.Debug|Any CPU.ActiveCfg = Debug|Any CPU
		{F392A0A9-AF08-4E86-8365-E4270B4FEF32}.Debug|Any CPU.Build.0 = Debug|Any CPU
		{F392A0A9-AF08-4E86-8365-E4270B4FEF32}.Release|Any CPU.ActiveCfg = Release|Any CPU
		{F392A0A9-AF08-4E86-8365-E4270B4FEF32}.Release|Any CPU.Build.0 = Release|Any CPU
		{73E42999-B9F8-4F56-AC54-A6C7ECACB10B}.Debug|Any CPU.ActiveCfg = Debug|Any CPU
		{73E42999-B9F8-4F56-AC54-A6C7ECACB10B}.Debug|Any CPU.Build.0 = Debug|Any CPU
		{73E42999-B9F8-4F56-AC54-A6C7ECACB10B}.Release|Any CPU.ActiveCfg = Release|Any CPU
		{73E42999-B9F8-4F56-AC54-A6C7ECACB10B}.Release|Any CPU.Build.0 = Release|Any CPU
		{45229BAD-4C02-4E95-93FB-008CBF01017A}.Debug|Any CPU.ActiveCfg = Debug|Any CPU
		{45229BAD-4C02-4E95-93FB-008CBF01017A}.Debug|Any CPU.Build.0 = Debug|Any CPU
		{45229BAD-4C02-4E95-93FB-008CBF01017A}.Release|Any CPU.ActiveCfg = Release|Any CPU
		{45229BAD-4C02-4E95-93FB-008CBF01017A}.Release|Any CPU.Build.0 = Release|Any CPU
		{DF4A63B9-EFC7-46F8-BBA7-85A106EC9265}.Debug|Any CPU.ActiveCfg = Debug|Any CPU
		{DF4A63B9-EFC7-46F8-BBA7-85A106EC9265}.Debug|Any CPU.Build.0 = Debug|Any CPU
		{DF4A63B9-EFC7-46F8-BBA7-85A106EC9265}.Release|Any CPU.ActiveCfg = Release|Any CPU
		{DF4A63B9-EFC7-46F8-BBA7-85A106EC9265}.Release|Any CPU.Build.0 = Release|Any CPU
	EndGlobalSection
EndGlobal
